PODS:
  - AppAuth (1.4.0):
    - AppAuth/Core (= 1.4.0)
    - AppAuth/ExternalUserAgent (= 1.4.0)
  - AppAuth/Core (1.4.0)
  - AppAuth/ExternalUserAgent (1.4.0)
  - Realm (10.1.0):
    - Realm/Headers (= 10.1.0)
  - Realm/Headers (10.1.0)
  - RealmSwift (10.1.0):
    - Realm (= 10.1.0)

DEPENDENCIES:
  - AppAuth (= 1.4.0)
  - RealmSwift (= 10.1.0)

SPEC REPOS:
  https://cdn.cocoapods.org/:
    - AppAuth
    - Realm
    - RealmSwift

SPEC CHECKSUMS:
  AppAuth: 31bcec809a638d7bd2f86ea8a52bd45f6e81e7c7
  Realm: 100df88a0faf5328f48477427e4b3e1a1598bae3
  RealmSwift: 725d1c10df64964b04aaa0058c19ce0f4b4c3f5a

PODFILE CHECKSUM: 8af732d544e8b91ce9d28e0581de661f4c10acde

COCOAPODS: 1.10.0
