PODS:
  - Charts (3.6.0):
    - Charts/Core (= 3.6.0)
  - Charts/Core (3.6.0)
  - GoogleUtilities/Environment (7.1.1):
    - PromisesObjC (~> 1.2)
  - GoogleUtilities/Logger (7.1.1):
    - GoogleUtilities/Environment
  - GoogleUtilities/Network (7.1.1):
    - GoogleUtilities/Logger
    - "GoogleUtilities/NSData+zlib"
    - GoogleUtilities/Reachability
  - "GoogleUtilities/NSData+zlib (7.1.1)"
  - GoogleUtilities/Reachability (7.1.1):
    - GoogleUtilities/Logger
  - PromisesObjC (1.2.11)
  - RxCocoa (5.1.1):
    - RxRelay (~> 5)
    - RxSwift (~> 5)
  - RxRelay (5.1.1):
    - RxSwift (~> 5)
  - RxSwift (5.1.1)

DEPENDENCIES:
  - Charts
  - GoogleUtilities/Network
  - RxCocoa

SPEC REPOS:
  trunk:
    - Charts
    - GoogleUtilities
    - PromisesObjC
    - RxCocoa
    - RxRelay
    - RxSwift

SPEC CHECKSUMS:
  Charts: b1e3a1f5a1c9ba5394438ca3b91bd8c9076310af
  GoogleUtilities: 3dc4ff0d5e4840e2fa8eef0889620e8c33d4218c
  PromisesObjC: 8c196f5a328c2cba3e74624585467a557dcb482f
  RxCocoa: 32065309a38d29b5b0db858819b5bf9ef038b601
  RxRelay: d77f7d771495f43c556cbc43eebd1bb54d01e8e9
  RxSwift: 81470a2074fa8780320ea5fe4102807cb7118178

PODFILE CHECKSUM: da0681cb45ce5909bc5963ea9e856a270b62b4a0

COCOAPODS: 1.10.0
